
Microsoft Visual Studio Solution File, Format Version 12.00
# Visual Studio Version 17
VisualStudioVersion = 17.1.32421.90
MinimumVisualStudioVersion = 10.0.40219.1
Project("{FAE04EC0-301F-11D3-BF4B-00C04F79EFBC}") = "BlazorWasmHomePage", "BlazorWasmHomePage\BlazorWasmHomePage.csproj", "{9216A5EB-E892-400E-BCCF-8A27895916DE}"
EndProject
Global
	GlobalSection(SolutionConfigurationPlatforms) = preSolution
		Debug|Any CPU = Debug|Any CPU
		Release|Any CPU = Release|Any CPU
	EndGlobalSection
	GlobalSection(ProjectConfigurationPlatforms) = postSolution
		{9216A5EB-E892-400E-BCCF-8A27895916DE}.Debug|Any CPU.ActiveCfg = Debug|Any CPU
		{9216A5EB-E892-400E-BCCF-8A27895916DE}.Debug|Any CPU.Build.0 = Debug|Any CPU
		{9216A5EB-E892-400E-BCCF-8A27895916DE}.Release|Any CPU.ActiveCfg = Release|Any CPU
		{9216A5EB-E892-400E-BCCF-8A27895916DE}.Release|Any CPU.Build.0 = Release|Any CPU
	EndGlobalSection
	GlobalSection(SolutionProperties) = preSolution
		HideSolutionNode = FALSE
	EndGlobalSection
	GlobalSection(ExtensibilityGlobals) = postSolution
		SolutionGuid = {BBC58858-D741-416E-9A20-6E3B7CFDE241}
	EndGlobalSection
EndGlobal
